// !$*UTF8*$!
{
	archiveVersion = 1;
	classes = {
	};
	objectVersion = 46;
	objects = {

/* Begin PBXBuildFile section */
		5865D5D31A03348F00035D01 /* main.m in Sources */ = {isa = PBXBuildFile; fileRef = 5865D5D21A03348F00035D01 /* main.m */; };
		5865D5D61A03348F00035D01 /* AppDelegate.m in Sources */ = {isa = PBXBuildFile; fileRef = 5865D5D51A03348F00035D01 /* AppDelegate.m */; };
		5865D5D91A03348F00035D01 /* ViewController.m in Sources */ = {isa = PBXBuildFile; fileRef = 5865D5D81A03348F00035D01 /* ViewController.m */; };
		5865D5DC1A03348F00035D01 /* Main.storyboard in Resources */ = {isa = PBXBuildFile; fileRef = 5865D5DA1A03348F00035D01 /* Main.storyboard */; };
		5865D5DE1A03348F00035D01 /* Images.xcassets in Resources */ = {isa = PBXBuildFile; fileRef = 5865D5DD1A03348F00035D01 /* Images.xcassets */; };
		5865D5E11A03348F00035D01 /* LaunchScreen.xib in Resources */ = {isa = PBXBuildFile; fileRef = 5865D5DF1A03348F00035D01 /* LaunchScreen.xib */; };
		5865D5ED1A03348F00035D01 /* HelloPrivateRepoTests.m in Sources */ = {isa = PBXBuildFile; fileRef = 5865D5EC1A03348F00035D01 /* HelloPrivateRepoTests.m */; };
		5865D5F81A0334AB00035D01 /* DKTestView.m in Sources */ = {isa = PBXBuildFile; fileRef = 5865D5F71A0334AB00035D01 /* DKTestView.m */; };
/* End PBXBuildFile section */

/* Begin PBXContainerItemProxy section */
		5865D5E71A03348F00035D01 /* PBXContainerItemProxy */ = {
			isa = PBXContainerItemProxy;
			containerPortal = 5865D5C51A03348F00035D01 /* Project object */;
			proxyType = 1;
			remoteGlobalIDString = 5865D5CC1A03348F00035D01;
			remoteInfo = HelloPrivateRepo;
		};
/* End PBXContainerItemProxy section */

/* Begin PBXFileReference section */
		5865D5CD1A03348F00035D01 /* HelloPrivateRepo.app */ = {isa = PBXFileReference; explicitFileType = wrapper.application; includeInIndex = 0; path = HelloPrivateRepo.app; sourceTree = BUILT_PRODUCTS_DIR; };
		5865D5D11A03348F00035D01 /* Info.plist */ = {isa = PBXFileReference; lastKnownFileType = text.plist.xml; path = Info.plist; sourceTree = "<group>"; };
		5865D5D21A03348F00035D01 /* main.m */ = {isa = PBXFileReference; lastKnownFileType = sourcecode.c.objc; path = main.m; sourceTree = "<group>"; };
		5865D5D41A03348F00035D01 /* AppDelegate.h */ = {isa = PBXFileReference; lastKnownFileType = sourcecode.c.h; path = AppDelegate.h; sourceTree = "<group>"; };
		5865D5D51A03348F00035D01 /* AppDelegate.m */ = {isa = PBXFileReference; lastKnownFileType = sourcecode.c.objc; path = AppDelegate.m; sourceTree = "<group>"; };
		5865D5D71A03348F00035D01 /* ViewController.h */ = {isa = PBXFileReference; lastKnownFileType = sourcecode.c.h; path = ViewController.h; sourceTree = "<group>"; };
		5865D5D81A03348F00035D01 /* ViewController.m */ = {isa = PBXFileReference; lastKnownFileType = sourcecode.c.objc; path = ViewController.m; sourceTree = "<group>"; };
		5865D5DB1A03348F00035D01 /* Base */ = {isa = PBXFileReference; lastKnownFileType = file.storyboard; name = Base; path = Base.lproj/Main.storyboard; sourceTree = "<group>"; };
		5865D5DD1A03348F00035D01 /* Images.xcassets */ = {isa = PBXFileReference; lastKnownFileType = folder.assetcatalog; path = Images.xcassets; sourceTree = "<group>"; };
		5865D5E01A03348F00035D01 /* Base */ = {isa = PBXFileReference; lastKnownFileType = file.xib; name = Base; path = Base.lproj/LaunchScreen.xib; sourceTree = "<group>"; };
		5865D5E61A03348F00035D01 /* HelloPrivateRepoTests.xctest */ = {isa = PBXFileReference; explicitFileType = wrapper.cfbundle; includeInIndex = 0; path = HelloPrivateRepoTests.xctest; sourceTree = BUILT_PRODUCTS_DIR; };
		5865D5EB1A03348F00035D01 /* Info.plist */ = {isa = PBXFileReference; lastKnownFileType = text.plist.xml; path = Info.plist; sourceTree = "<group>"; };
		5865D5EC1A03348F00035D01 /* HelloPrivateRepoTests.m */ = {isa = PBXFileReference; lastKnownFileType = sourcecode.c.objc; path = HelloPrivateRepoTests.m; sourceTree = "<group>"; };
		5865D5F61A0334AB00035D01 /* DKTestView.h */ = {isa = PBXFileReference; fileEncoding = 4; lastKnownFileType = sourcecode.c.h; path = DKTestView.h; sourceTree = "<group>"; };
		5865D5F71A0334AB00035D01 /* DKTestView.m */ = {isa = PBXFileReference; fileEncoding = 4; lastKnownFileType = sourcecode.c.objc; path = DKTestView.m; sourceTree = "<group>"; };
/* End PBXFileReference section */

/* Begin PBXFrameworksBuildPhase section */
		5865D5CA1A03348F00035D01 /* Frameworks */ = {
			isa = PBXFrameworksBuildPhase;
			buildActionMask = 2147483647;
			files = (
			);
			runOnlyForDeploymentPostprocessing = 0;
		};
		5865D5E31A03348F00035D01 /* Frameworks */ = {
			isa = PBXFrameworksBuildPhase;
			buildActionMask = 2147483647;
			files = (
			);
			runOnlyForDeploymentPostprocessing = 0;
		};
/* End PBXFrameworksBuildPhase section */

/* Begin PBXGroup section */
		5865D5C41A03348F00035D01 = {
			isa = PBXGroup;
			children = (
				5865D5CF1A03348F00035D01 /* HelloPrivateRepo */,
				5865D5E91A03348F00035D01 /* HelloPrivateRepoTests */,
				5865D5CE1A03348F00035D01 /* Products */,
			);
			sourceTree = "<group>";
		};
		5865D5CE1A03348F00035D01 /* Products */ = {
			isa = PBXGroup;
			children = (
				5865D5CD1A03348F00035D01 /* HelloPrivateRepo.app */,
				5865D5E61A03348F00035D01 /* HelloPrivateRepoTests.xctest */,
			);
			name = Products;
			sourceTree = "<group>";
		};
		5865D5CF1A03348F00035D01 /* HelloPrivateRepo */ = {
			isa = PBXGroup;
			children = (
				5865D5D41A03348F00035D01 /* AppDelegate.h */,
				5865D5D51A03348F00035D01 /* AppDelegate.m */,
				5865D5D71A03348F00035D01 /* ViewController.h */,
				5865D5D81A03348F00035D01 /* ViewController.m */,
				5865D5DA1A03348F00035D01 /* Main.storyboard */,
				5865D5F61A0334AB00035D01 /* DKTestView.h */,
				5865D5F71A0334AB00035D01 /* DKTestView.m */,
				5865D5DD1A03348F00035D01 /* Images.xcassets */,
				5865D5DF1A03348F00035D01 /* LaunchScreen.xib */,
				5865D5D01A03348F00035D01 /* Supporting Files */,
			);
			path = HelloPrivateRepo;
			sourceTree = "<group>";
		};
		5865D5D01A03348F00035D01 /* Supporting Files */ = {
			isa = PBXGroup;
			children = (
				5865D5D11A03348F00035D01 /* Info.plist */,
				5865D5D21A03348F00035D01 /* main.m */,
			);
			name = "Supporting Files";
			sourceTree = "<group>";
		};
		5865D5E91A03348F00035D01 /* HelloPrivateRepoTests */ = {
			isa = PBXGroup;
			children = (
				5865D5EC1A03348F00035D01 /* HelloPrivateRepoTests.m */,
				5865D5EA1A03348F00035D01 /* Supporting Files */,
			);
			path = HelloPrivateRepoTests;
			sourceTree = "<group>";
		};
		5865D5EA1A03348F00035D01 /* Supporting Files */ = {
			isa = PBXGroup;
			children = (
				5865D5EB1A03348F00035D01 /* Info.plist */,
			);
			name = "Supporting Files";
			sourceTree = "<group>";
		};
/* End PBXGroup section */

/* Begin PBXNativeTarget section */
		5865D5CC1A03348F00035D01 /* HelloPrivateRepo */ = {
			isa = PBXNativeTarget;
			buildConfigurationList = 5865D5F01A03348F00035D01 /* Build configuration list for PBXNativeTarget "HelloPrivateRepo" */;
			buildPhases = (
				5865D5C91A03348F00035D01 /* Sources */,
				5865D5CA1A03348F00035D01 /* Frameworks */,
				5865D5CB1A03348F00035D01 /* Resources */,
			);
			buildRules = (
			);
			dependencies = (
			);
			name = HelloPrivateRepo;
			productName = HelloPrivateRepo;
			productReference = 5865D5CD1A03348F00035D01 /* HelloPrivateRepo.app */;
			productType = "com.apple.product-type.application";
		};
		5865D5E51A03348F00035D01 /* HelloPrivateRepoTests */ = {
			isa = PBXNativeTarget;
			buildConfigurationList = 5865D5F31A03348F00035D01 /* Build configuration list for PBXNativeTarget "HelloPrivateRepoTests" */;
			buildPhases = (
				5865D5E21A03348F00035D01 /* Sources */,
				5865D5E31A03348F00035D01 /* Frameworks */,
				5865D5E41A03348F00035D01 /* Resources */,
			);
			buildRules = (
			);
			dependencies = (
				5865D5E81A03348F00035D01 /* PBXTargetDependency */,
			);
			name = HelloPrivateRepoTests;
			productName = HelloPrivateRepoTests;
			productReference = 5865D5E61A03348F00035D01 /* HelloPrivateRepoTests.xctest */;
			productType = "com.apple.product-type.bundle.unit-test";
		};
/* End PBXNativeTarget section */

/* Begin PBXProject section */
		5865D5C51A03348F00035D01 /* Project object */ = {
			isa = PBXProject;
			attributes = {
				LastUpgradeCheck = 0610;
				ORGANIZATIONNAME = wwbz;
				TargetAttributes = {
					5865D5CC1A03348F00035D01 = {
						CreatedOnToolsVersion = 6.1;
					};
					5865D5E51A03348F00035D01 = {
						CreatedOnToolsVersion = 6.1;
						TestTargetID = 5865D5CC1A03348F00035D01;
					};
				};
			};
			buildConfigurationList = 5865D5C81A03348F00035D01 /* Build configuration list for PBXProject "HelloPrivateRepo" */;
			compatibilityVersion = "Xcode 3.2";
			developmentRegion = English;
			hasScannedForEncodings = 0;
			knownRegions = (
				en,
				Base,
			);
			mainGroup = 5865D5C41A03348F00035D01;
			productRefGroup = 5865D5CE1A03348F00035D01 /* Products */;
			projectDirPath = "";
			projectRoot = "";
			targets = (
				5865D5CC1A03348F00035D01 /* HelloPrivateRepo */,
				5865D5E51A03348F00035D01 /* HelloPrivateRepoTests */,
			);
		};
/* End PBXProject section */

/* Begin PBXResourcesBuildPhase section */
		5865D5CB1A03348F00035D01 /* Resources */ = {
			isa = PBXResourcesBuildPhase;
			buildActionMask = 2147483647;
			files = (
				5865D5DC1A03348F00035D01 /* Main.storyboard in Resources */,
				5865D5E11A03348F00035D01 /* LaunchScreen.xib in Resources */,
				5865D5DE1A03348F00035D01 /* Images.xcassets in Resources */,
			);
			runOnlyForDeploymentPostprocessing = 0;
		};
		5865D5E41A03348F00035D01 /* Resources */ = {
			isa = PBXResourcesBuildPhase;
			buildActionMask = 2147483647;
			files = (
			);
			runOnlyForDeploymentPostprocessing = 0;
		};
/* End PBXResourcesBuildPhase section */

/* Begin PBXSourcesBuildPhase section */
		5865D5C91A03348F00035D01 /* Sources */ = {
			isa = PBXSourcesBuildPhase;
			buildActionMask = 2147483647;
			files = (
				5865D5D91A03348F00035D01 /* ViewController.m in Sources */,
				5865D5F81A0334AB00035D01 /* DKTestView.m in Sources */,
				5865D5D61A03348F00035D01 /* AppDelegate.m in Sources */,
				5865D5D31A03348F00035D01 /* main.m in Sources */,
			);
			runOnlyForDeploymentPostprocessing = 0;
		};
		5865D5E21A03348F00035D01 /* Sources */ = {
			isa = PBXSourcesBuildPhase;
			buildActionMask = 2147483647;
			files = (
				5865D5ED1A03348F00035D01 /* HelloPrivateRepoTests.m in Sources */,
			);
			runOnlyForDeploymentPostprocessing = 0;
		};
/* End PBXSourcesBuildPhase section */

/* Begin PBXTargetDependency section */
		5865D5E81A03348F00035D01 /* PBXTargetDependency */ = {
			isa = PBXTargetDependency;
			target = 5865D5CC1A03348F00035D01 /* HelloPrivateRepo */;
			targetProxy = 5865D5E71A03348F00035D01 /* PBXContainerItemProxy */;
		};
/* End PBXTargetDependency section */

/* Begin PBXVariantGroup section */
		5865D5DA1A03348F00035D01 /* Main.storyboard */ = {
			isa = PBXVariantGroup;
			children = (
				5865D5DB1A03348F00035D01 /* Base */,
			);
			name = Main.storyboard;
			sourceTree = "<group>";
		};
		5865D5DF1A03348F00035D01 /* LaunchScreen.xib */ = {
			isa = PBXVariantGroup;
			children = (
				5865D5E01A03348F00035D01 /* Base */,
			);
			name = LaunchScreen.xib;
			sourceTree = "<group>";
		};
/* End PBXVariantGroup section */

/* Begin XCBuildConfiguration section */
		5865D5EE1A03348F00035D01 /* Debug */ = {
			isa = XCBuildConfiguration;
			buildSettings = {
				ALWAYS_SEARCH_USER_PATHS = NO;
				CLANG_CXX_LANGUAGE_STANDARD = "gnu++0x";
				CLANG_CXX_LIBRARY = "libc++";
				CLANG_ENABLE_MODULES = YES;
				CLANG_ENABLE_OBJC_ARC = YES;
				CLANG_WARN_BOOL_CONVERSION = YES;
				CLANG_WARN_CONSTANT_CONVERSION = YES;
				CLANG_WARN_DIRECT_OBJC_ISA_USAGE = YES_ERROR;
				CLANG_WARN_EMPTY_BODY = YES;
				CLANG_WARN_ENUM_CONVERSION = YES;
				CLANG_WARN_INT_CONVERSION = YES;
				CLANG_WARN_OBJC_ROOT_CLASS = YES_ERROR;
				CLANG_WARN_UNREACHABLE_CODE = YES;
				CLANG_WARN__DUPLICATE_METHOD_MATCH = YES;
				"CODE_SIGN_IDENTITY[sdk=iphoneos*]" = "iPhone Developer";
				COPY_PHASE_STRIP = NO;
				ENABLE_STRICT_OBJC_MSGSEND = YES;
				GCC_C_LANGUAGE_STANDARD = gnu99;
				GCC_DYNAMIC_NO_PIC = NO;
				GCC_OPTIMIZATION_LEVEL = 0;
				GCC_PREPROCESSOR_DEFINITIONS = (
					"DEBUG=1",
					"$(inherited)",
				);
				GCC_SYMBOLS_PRIVATE_EXTERN = NO;
				GCC_WARN_64_TO_32_BIT_CONVERSION = YES;
				GCC_WARN_ABOUT_RETURN_TYPE = YES_ERROR;
				GCC_WARN_UNDECLARED_SELECTOR = YES;
				GCC_WARN_UNINITIALIZED_AUTOS = YES_AGGRESSIVE;
				GCC_WARN_UNUSED_FUNCTION = YES;
				GCC_WARN_UNUSED_VARIABLE = YES;
				IPHONEOS_DEPLOYMENT_TARGET = 8.1;
				MTL_ENABLE_DEBUG_INFO = YES;
				ONLY_ACTIVE_ARCH = YES;
				SDKROOT = iphoneos;
			};
			name = Debug;
		};
		5865D5EF1A03348F00035D01 /* Release */ = {
			isa = XCBuildConfiguration;
			buildSettings = {
				ALWAYS_SEARCH_USER_PATHS = NO;
				CLANG_CXX_LANGUAGE_STANDARD = "gnu++0x";
				CLANG_CXX_LIBRARY = "libc++";
				CLANG_ENABLE_MODULES = YES;
				CLANG_ENABLE_OBJC_ARC = YES;
				CLANG_WARN_BOOL_CONVERSION = YES;
				CLANG_WARN_CONSTANT_CONVERSION = YES;
				CLANG_WARN_DIRECT_OBJC_ISA_USAGE = YES_ERROR;
				CLANG_WARN_EMPTY_BODY = YES;
				CLANG_WARN_ENUM_CONVERSION = YES;
				CLANG_WARN_INT_CONVERSION = YES;
				CLANG_WARN_OBJC_ROOT_CLASS = YES_ERROR;
				CLANG_WARN_UNREACHABLE_CODE = YES;
				CLANG_WARN__DUPLICATE_METHOD_MATCH = YES;
				"CODE_SIGN_IDENTITY[sdk=iphoneos*]" = "iPhone Developer";
				COPY_PHASE_STRIP = YES;
				ENABLE_NS_ASSERTIONS = NO;
				ENABLE_STRICT_OBJC_MSGSEND = YES;
				GCC_C_LANGUAGE_STANDARD = gnu99;
				GCC_WARN_64_TO_32_BIT_CONVERSION = YES;
				GCC_WARN_ABOUT_RETURN_TYPE = YES_ERROR;
				GCC_WARN_UNDECLARED_SELECTOR = YES;
				GCC_WARN_UNINITIALIZED_AUTOS = YES_AGGRESSIVE;
				GCC_WARN_UNUSED_FUNCTION = YES;
				GCC_WARN_UNUSED_VARIABLE = YES;
				IPHONEOS_DEPLOYMENT_TARGET = 8.1;
				MTL_ENABLE_DEBUG_INFO = NO;
				SDKROOT = iphoneos;
				VALIDATE_PRODUCT = YES;
			};
			name = Release;
		};
		5865D5F11A03348F00035D01 /* Debug */ = {
			isa = XCBuildConfiguration;
			buildSettings = {
				ASSETCATALOG_COMPILER_APPICON_NAME = AppIcon;
				INFOPLIST_FILE = HelloPrivateRepo/Info.plist;
				LD_RUNPATH_SEARCH_PATHS = "$(inherited) @executable_path/Frameworks";
				PRODUCT_NAME = "$(TARGET_NAME)";
			};
			name = Debug;
		};
		5865D5F21A03348F00035D01 /* Release */ = {
			isa = XCBuildConfiguration;
			buildSettings = {
				ASSETCATALOG_COMPILER_APPICON_NAME = AppIcon;
				INFOPLIST_FILE = HelloPrivateRepo/Info.plist;
				LD_RUNPATH_SEARCH_PATHS = "$(inherited) @executable_path/Frameworks";
				PRODUCT_NAME = "$(TARGET_NAME)";
			};
			name = Release;
		};
		5865D5F41A03348F00035D01 /* Debug */ = {
			isa = XCBuildConfiguration;
			buildSettings = {
				BUNDLE_LOADER = "$(TEST_HOST)";
				FRAMEWORK_SEARCH_PATHS = (
					"$(SDKROOT)/Developer/Library/Frameworks",
					"$(inherited)",
				);
				GCC_PREPROCESSOR_DEFINITIONS = (
					"DEBUG=1",
					"$(inherited)",
				);
				INFOPLIST_FILE = HelloPrivateRepoTests/Info.plist;
				LD_RUNPATH_SEARCH_PATHS = "$(inherited) @executable_path/Frameworks @loader_path/Frameworks";
				PRODUCT_NAME = "$(TARGET_NAME)";
				TEST_HOST = "$(BUILT_PRODUCTS_DIR)/HelloPrivateRepo.app/HelloPrivateRepo";
			};
			name = Debug;
		};
		5865D5F51A03348F00035D01 /* Release */ = {
			isa = XCBuildConfiguration;
			buildSettings = {
				BUNDLE_LOADER = "$(TEST_HOST)";
				FRAMEWORK_SEARCH_PATHS = (
					"$(SDKROOT)/Developer/Library/Frameworks",
					"$(inherited)",
				);
				INFOPLIST_FILE = HelloPrivateRepoTests/Info.plist;
				LD_RUNPATH_SEARCH_PATHS = "$(inherited) @executable_path/Frameworks @loader_path/Frameworks";
				PRODUCT_NAME = "$(TARGET_NAME)";
				TEST_HOST = "$(BUILT_PRODUCTS_DIR)/HelloPrivateRepo.app/HelloPrivateRepo";
			};
			name = Release;
		};
/* End XCBuildConfiguration section */

/* Begin XCConfigurationList section */
		5865D5C81A03348F00035D01 /* Build configuration list for PBXProject "HelloPrivateRepo" */ = {
			isa = XCConfigurationList;
			buildConfigurations = (
				5865D5EE1A03348F00035D01 /* Debug */,
				5865D5EF1A03348F00035D01 /* Release */,
			);
			defaultConfigurationIsVisible = 0;
			defaultConfigurationName = Release;
		};
		5865D5F01A03348F00035D01 /* Build configuration list for PBXNativeTarget "HelloPrivateRepo" */ = {
			isa = XCConfigurationList;
			buildConfigurations = (
				5865D5F11A03348F00035D01 /* Debug */,
				5865D5F21A03348F00035D01 /* Release */,
			);
			defaultConfigurationIsVisible = 0;
		};
		5865D5F31A03348F00035D01 /* Build configuration list for PBXNativeTarget "HelloPrivateRepoTests" */ = {
			isa = XCConfigurationList;
			buildConfigurations = (
				5865D5F41A03348F00035D01 /* Debug */,
				5865D5F51A03348F00035D01 /* Release */,
			);
			defaultConfigurationIsVisible = 0;
		};
/* End XCConfigurationList section */
	};
	rootObject = 5865D5C51A03348F00035D01 /* Project object */;
}
